// !$*UTF8*$!
{
	archiveVersion = 1;
	classes = {
	};
	objectVersion = 46;
	objects = {

/* Begin PBXBuildFile section */
		E10806411AB9ED7000E42BC3 /* main.m in Sources */ = {isa = PBXBuildFile; fileRef = E10806401AB9ED7000E42BC3 /* main.m */; };
		E10806441AB9ED7000E42BC3 /* AppDelegate.m in Sources */ = {isa = PBXBuildFile; fileRef = E10806431AB9ED7000E42BC3 /* AppDelegate.m */; };
		E10806471AB9ED7000E42BC3 /* ViewController.m in Sources */ = {isa = PBXBuildFile; fileRef = E10806461AB9ED7000E42BC3 /* ViewController.m */; };
		E108064A1AB9ED7000E42BC3 /* Main.storyboard in Resources */ = {isa = PBXBuildFile; fileRef = E10806481AB9ED7000E42BC3 /* Main.storyboard */; };
		E108064C1AB9ED7000E42BC3 /* Images.xcassets in Resources */ = {isa = PBXBuildFile; fileRef = E108064B1AB9ED7000E42BC3 /* Images.xcassets */; };
		E108064F1AB9ED7000E42BC3 /* LaunchScreen.xib in Resources */ = {isa = PBXBuildFile; fileRef = E108064D1AB9ED7000E42BC3 /* LaunchScreen.xib */; };
		E108065B1AB9ED7000E42BC3 /* HappyLunchTests.m in Sources */ = {isa = PBXBuildFile; fileRef = E108065A1AB9ED7000E42BC3 /* HappyLunchTests.m */; };
/* End PBXBuildFile section */

/* Begin PBXContainerItemProxy section */
		E10806551AB9ED7000E42BC3 /* PBXContainerItemProxy */ = {
			isa = PBXContainerItemProxy;
			containerPortal = E10806331AB9ED7000E42BC3 /* Project object */;
			proxyType = 1;
			remoteGlobalIDString = E108063A1AB9ED7000E42BC3;
			remoteInfo = HappyLunch;
		};
/* End PBXContainerItemProxy section */

/* Begin PBXFileReference section */
		E108063B1AB9ED7000E42BC3 /* HappyLunch.app */ = {isa = PBXFileReference; explicitFileType = wrapper.application; includeInIndex = 0; path = HappyLunch.app; sourceTree = BUILT_PRODUCTS_DIR; };
		E108063F1AB9ED7000E42BC3 /* Info.plist */ = {isa = PBXFileReference; lastKnownFileType = text.plist.xml; path = Info.plist; sourceTree = "<group>"; };
		E10806401AB9ED7000E42BC3 /* main.m */ = {isa = PBXFileReference; lastKnownFileType = sourcecode.c.objc; path = main.m; sourceTree = "<group>"; };
		E10806421AB9ED7000E42BC3 /* AppDelegate.h */ = {isa = PBXFileReference; lastKnownFileType = sourcecode.c.h; path = AppDelegate.h; sourceTree = "<group>"; };
		E10806431AB9ED7000E42BC3 /* AppDelegate.m */ = {isa = PBXFileReference; lastKnownFileType = sourcecode.c.objc; path = AppDelegate.m; sourceTree = "<group>"; };
		E10806451AB9ED7000E42BC3 /* ViewController.h */ = {isa = PBXFileReference; lastKnownFileType = sourcecode.c.h; path = ViewController.h; sourceTree = "<group>"; };
		E10806461AB9ED7000E42BC3 /* ViewController.m */ = {isa = PBXFileReference; lastKnownFileType = sourcecode.c.objc; path = ViewController.m; sourceTree = "<group>"; };
		E10806491AB9ED7000E42BC3 /* Base */ = {isa = PBXFileReference; lastKnownFileType = file.storyboard; name = Base; path = Base.lproj/Main.storyboard; sourceTree = "<group>"; };
		E108064B1AB9ED7000E42BC3 /* Images.xcassets */ = {isa = PBXFileReference; lastKnownFileType = folder.assetcatalog; path = Images.xcassets; sourceTree = "<group>"; };
		E108064E1AB9ED7000E42BC3 /* Base */ = {isa = PBXFileReference; lastKnownFileType = file.xib; name = Base; path = Base.lproj/LaunchScreen.xib; sourceTree = "<group>"; };
		E10806541AB9ED7000E42BC3 /* HappyLunchTests.xctest */ = {isa = PBXFileReference; explicitFileType = wrapper.cfbundle; includeInIndex = 0; path = HappyLunchTests.xctest; sourceTree = BUILT_PRODUCTS_DIR; };
		E10806591AB9ED7000E42BC3 /* Info.plist */ = {isa = PBXFileReference; lastKnownFileType = text.plist.xml; path = Info.plist; sourceTree = "<group>"; };
		E108065A1AB9ED7000E42BC3 /* HappyLunchTests.m */ = {isa = PBXFileReference; lastKnownFileType = sourcecode.c.objc; path = HappyLunchTests.m; sourceTree = "<group>"; };
/* End PBXFileReference section */

/* Begin PBXFrameworksBuildPhase section */
		E10806381AB9ED7000E42BC3 /* Frameworks */ = {
			isa = PBXFrameworksBuildPhase;
			buildActionMask = 2147483647;
			files = (
			);
			runOnlyForDeploymentPostprocessing = 0;
		};
		E10806511AB9ED7000E42BC3 /* Frameworks */ = {
			isa = PBXFrameworksBuildPhase;
			buildActionMask = 2147483647;
			files = (
			);
			runOnlyForDeploymentPostprocessing = 0;
		};
/* End PBXFrameworksBuildPhase section */

/* Begin PBXGroup section */
		E10806321AB9ED7000E42BC3 = {
			isa = PBXGroup;
			children = (
				E108063D1AB9ED7000E42BC3 /* HappyLunch */,
				E10806571AB9ED7000E42BC3 /* HappyLunchTests */,
				E108063C1AB9ED7000E42BC3 /* Products */,
			);
			sourceTree = "<group>";
		};
		E108063C1AB9ED7000E42BC3 /* Products */ = {
			isa = PBXGroup;
			children = (
				E108063B1AB9ED7000E42BC3 /* HappyLunch.app */,
				E10806541AB9ED7000E42BC3 /* HappyLunchTests.xctest */,
			);
			name = Products;
			sourceTree = "<group>";
		};
		E108063D1AB9ED7000E42BC3 /* HappyLunch */ = {
			isa = PBXGroup;
			children = (
				E10806421AB9ED7000E42BC3 /* AppDelegate.h */,
				E10806431AB9ED7000E42BC3 /* AppDelegate.m */,
				E10806451AB9ED7000E42BC3 /* ViewController.h */,
				E10806461AB9ED7000E42BC3 /* ViewController.m */,
				E10806481AB9ED7000E42BC3 /* Main.storyboard */,
				E108064B1AB9ED7000E42BC3 /* Images.xcassets */,
				E108064D1AB9ED7000E42BC3 /* LaunchScreen.xib */,
				E108063E1AB9ED7000E42BC3 /* Supporting Files */,
			);
			path = HappyLunch;
			sourceTree = "<group>";
		};
		E108063E1AB9ED7000E42BC3 /* Supporting Files */ = {
			isa = PBXGroup;
			children = (
				E108063F1AB9ED7000E42BC3 /* Info.plist */,
				E10806401AB9ED7000E42BC3 /* main.m */,
			);
			name = "Supporting Files";
			sourceTree = "<group>";
		};
		E10806571AB9ED7000E42BC3 /* HappyLunchTests */ = {
			isa = PBXGroup;
			children = (
				E108065A1AB9ED7000E42BC3 /* HappyLunchTests.m */,
				E10806581AB9ED7000E42BC3 /* Supporting Files */,
			);
			path = HappyLunchTests;
			sourceTree = "<group>";
		};
		E10806581AB9ED7000E42BC3 /* Supporting Files */ = {
			isa = PBXGroup;
			children = (
				E10806591AB9ED7000E42BC3 /* Info.plist */,
			);
			name = "Supporting Files";
			sourceTree = "<group>";
		};
/* End PBXGroup section */

/* Begin PBXNativeTarget section */
		E108063A1AB9ED7000E42BC3 /* HappyLunch */ = {
			isa = PBXNativeTarget;
			buildConfigurationList = E108065E1AB9ED7000E42BC3 /* Build configuration list for PBXNativeTarget "HappyLunch" */;
			buildPhases = (
				E10806371AB9ED7000E42BC3 /* Sources */,
				E10806381AB9ED7000E42BC3 /* Frameworks */,
				E10806391AB9ED7000E42BC3 /* Resources */,
			);
			buildRules = (
			);
			dependencies = (
			);
			name = HappyLunch;
			productName = HappyLunch;
			productReference = E108063B1AB9ED7000E42BC3 /* HappyLunch.app */;
			productType = "com.apple.product-type.application";
		};
		E10806531AB9ED7000E42BC3 /* HappyLunchTests */ = {
			isa = PBXNativeTarget;
			buildConfigurationList = E10806611AB9ED7000E42BC3 /* Build configuration list for PBXNativeTarget "HappyLunchTests" */;
			buildPhases = (
				E10806501AB9ED7000E42BC3 /* Sources */,
				E10806511AB9ED7000E42BC3 /* Frameworks */,
				E10806521AB9ED7000E42BC3 /* Resources */,
			);
			buildRules = (
			);
			dependencies = (
				E10806561AB9ED7000E42BC3 /* PBXTargetDependency */,
			);
			name = HappyLunchTests;
			productName = HappyLunchTests;
			productReference = E10806541AB9ED7000E42BC3 /* HappyLunchTests.xctest */;
			productType = "com.apple.product-type.bundle.unit-test";
		};
/* End PBXNativeTarget section */

/* Begin PBXProject section */
		E10806331AB9ED7000E42BC3 /* Project object */ = {
			isa = PBXProject;
			attributes = {
				LastUpgradeCheck = 0620;
				ORGANIZATIONNAME = MobileMakers;
				TargetAttributes = {
					E108063A1AB9ED7000E42BC3 = {
						CreatedOnToolsVersion = 6.2;
					};
					E10806531AB9ED7000E42BC3 = {
						CreatedOnToolsVersion = 6.2;
						TestTargetID = E108063A1AB9ED7000E42BC3;
					};
				};
			};
			buildConfigurationList = E10806361AB9ED7000E42BC3 /* Build configuration list for PBXProject "HappyLunch" */;
			compatibilityVersion = "Xcode 3.2";
			developmentRegion = English;
			hasScannedForEncodings = 0;
			knownRegions = (
				en,
				Base,
			);
			mainGroup = E10806321AB9ED7000E42BC3;
			productRefGroup = E108063C1AB9ED7000E42BC3 /* Products */;
			projectDirPath = "";
			projectRoot = "";
			targets = (
				E108063A1AB9ED7000E42BC3 /* HappyLunch */,
				E10806531AB9ED7000E42BC3 /* HappyLunchTests */,
			);
		};
/* End PBXProject section */

/* Begin PBXResourcesBuildPhase section */
		E10806391AB9ED7000E42BC3 /* Resources */ = {
			isa = PBXResourcesBuildPhase;
			buildActionMask = 2147483647;
			files = (
				E108064A1AB9ED7000E42BC3 /* Main.storyboard in Resources */,
				E108064F1AB9ED7000E42BC3 /* LaunchScreen.xib in Resources */,
				E108064C1AB9ED7000E42BC3 /* Images.xcassets in Resources */,
			);
			runOnlyForDeploymentPostprocessing = 0;
		};
		E10806521AB9ED7000E42BC3 /* Resources */ = {
			isa = PBXResourcesBuildPhase;
			buildActionMask = 2147483647;
			files = (
			);
			runOnlyForDeploymentPostprocessing = 0;
		};
/* End PBXResourcesBuildPhase section */

/* Begin PBXSourcesBuildPhase section */
		E10806371AB9ED7000E42BC3 /* Sources */ = {
			isa = PBXSourcesBuildPhase;
			buildActionMask = 2147483647;
			files = (
				E10806471AB9ED7000E42BC3 /* ViewController.m in Sources */,
				E10806441AB9ED7000E42BC3 /* AppDelegate.m in Sources */,
				E10806411AB9ED7000E42BC3 /* main.m in Sources */,
			);
			runOnlyForDeploymentPostprocessing = 0;
		};
		E10806501AB9ED7000E42BC3 /* Sources */ = {
			isa = PBXSourcesBuildPhase;
			buildActionMask = 2147483647;
			files = (
				E108065B1AB9ED7000E42BC3 /* HappyLunchTests.m in Sources */,
			);
			runOnlyForDeploymentPostprocessing = 0;
		};
/* End PBXSourcesBuildPhase section */

/* Begin PBXTargetDependency section */
		E10806561AB9ED7000E42BC3 /* PBXTargetDependency */ = {
			isa = PBXTargetDependency;
			target = E108063A1AB9ED7000E42BC3 /* HappyLunch */;
			targetProxy = E10806551AB9ED7000E42BC3 /* PBXContainerItemProxy */;
		};
/* End PBXTargetDependency section */

/* Begin PBXVariantGroup section */
		E10806481AB9ED7000E42BC3 /* Main.storyboard */ = {
			isa = PBXVariantGroup;
			children = (
				E10806491AB9ED7000E42BC3 /* Base */,
			);
			name = Main.storyboard;
			sourceTree = "<group>";
		};
		E108064D1AB9ED7000E42BC3 /* LaunchScreen.xib */ = {
			isa = PBXVariantGroup;
			children = (
				E108064E1AB9ED7000E42BC3 /* Base */,
			);
			name = LaunchScreen.xib;
			sourceTree = "<group>";
		};
/* End PBXVariantGroup section */

/* Begin XCBuildConfiguration section */
		E108065C1AB9ED7000E42BC3 /* Debug */ = {
			isa = XCBuildConfiguration;
			buildSettings = {
				ALWAYS_SEARCH_USER_PATHS = NO;
				CLANG_CXX_LANGUAGE_STANDARD = "gnu++0x";
				CLANG_CXX_LIBRARY = "libc++";
				CLANG_ENABLE_MODULES = YES;
				CLANG_ENABLE_OBJC_ARC = YES;
				CLANG_WARN_BOOL_CONVERSION = YES;
				CLANG_WARN_CONSTANT_CONVERSION = YES;
				CLANG_WARN_DIRECT_OBJC_ISA_USAGE = YES_ERROR;
				CLANG_WARN_EMPTY_BODY = YES;
				CLANG_WARN_ENUM_CONVERSION = YES;
				CLANG_WARN_INT_CONVERSION = YES;
				CLANG_WARN_OBJC_ROOT_CLASS = YES_ERROR;
				CLANG_WARN_UNREACHABLE_CODE = YES;
				CLANG_WARN__DUPLICATE_METHOD_MATCH = YES;
				"CODE_SIGN_IDENTITY[sdk=iphoneos*]" = "iPhone Developer";
				COPY_PHASE_STRIP = NO;
				ENABLE_STRICT_OBJC_MSGSEND = YES;
				GCC_C_LANGUAGE_STANDARD = gnu99;
				GCC_DYNAMIC_NO_PIC = NO;
				GCC_OPTIMIZATION_LEVEL = 0;
				GCC_PREPROCESSOR_DEFINITIONS = (
					"DEBUG=1",
					"$(inherited)",
				);
				GCC_SYMBOLS_PRIVATE_EXTERN = NO;
				GCC_WARN_64_TO_32_BIT_CONVERSION = YES;
				GCC_WARN_ABOUT_RETURN_TYPE = YES_ERROR;
				GCC_WARN_UNDECLARED_SELECTOR = YES;
				GCC_WARN_UNINITIALIZED_AUTOS = YES_AGGRESSIVE;
				GCC_WARN_UNUSED_FUNCTION = YES;
				GCC_WARN_UNUSED_VARIABLE = YES;
				IPHONEOS_DEPLOYMENT_TARGET = 8.2;
				MTL_ENABLE_DEBUG_INFO = YES;
				ONLY_ACTIVE_ARCH = YES;
				SDKROOT = iphoneos;
				TARGETED_DEVICE_FAMILY = "1,2";
			};
			name = Debug;
		};
		E108065D1AB9ED7000E42BC3 /* Release */ = {
			isa = XCBuildConfiguration;
			buildSettings = {
				ALWAYS_SEARCH_USER_PATHS = NO;
				CLANG_CXX_LANGUAGE_STANDARD = "gnu++0x";
				CLANG_CXX_LIBRARY = "libc++";
				CLANG_ENABLE_MODULES = YES;
				CLANG_ENABLE_OBJC_ARC = YES;
				CLANG_WARN_BOOL_CONVERSION = YES;
				CLANG_WARN_CONSTANT_CONVERSION = YES;
				CLANG_WARN_DIRECT_OBJC_ISA_USAGE = YES_ERROR;
				CLANG_WARN_EMPTY_BODY = YES;
				CLANG_WARN_ENUM_CONVERSION = YES;
				CLANG_WARN_INT_CONVERSION = YES;
				CLANG_WARN_OBJC_ROOT_CLASS = YES_ERROR;
				CLANG_WARN_UNREACHABLE_CODE = YES;
				CLANG_WARN__DUPLICATE_METHOD_MATCH = YES;
				"CODE_SIGN_IDENTITY[sdk=iphoneos*]" = "iPhone Developer";
				COPY_PHASE_STRIP = NO;
				ENABLE_NS_ASSERTIONS = NO;
				ENABLE_STRICT_OBJC_MSGSEND = YES;
				GCC_C_LANGUAGE_STANDARD = gnu99;
				GCC_WARN_64_TO_32_BIT_CONVERSION = YES;
				GCC_WARN_ABOUT_RETURN_TYPE = YES_ERROR;
				GCC_WARN_UNDECLARED_SELECTOR = YES;
				GCC_WARN_UNINITIALIZED_AUTOS = YES_AGGRESSIVE;
				GCC_WARN_UNUSED_FUNCTION = YES;
				GCC_WARN_UNUSED_VARIABLE = YES;
				IPHONEOS_DEPLOYMENT_TARGET = 8.2;
				MTL_ENABLE_DEBUG_INFO = NO;
				SDKROOT = iphoneos;
				TARGETED_DEVICE_FAMILY = "1,2";
				VALIDATE_PRODUCT = YES;
			};
			name = Release;
		};
		E108065F1AB9ED7000E42BC3 /* Debug */ = {
			isa = XCBuildConfiguration;
			buildSettings = {
				ASSETCATALOG_COMPILER_APPICON_NAME = AppIcon;
				INFOPLIST_FILE = HappyLunch/Info.plist;
				LD_RUNPATH_SEARCH_PATHS = "$(inherited) @executable_path/Frameworks";
				PRODUCT_NAME = "$(TARGET_NAME)";
			};
			name = Debug;
		};
		E10806601AB9ED7000E42BC3 /* Release */ = {
			isa = XCBuildConfiguration;
			buildSettings = {
				ASSETCATALOG_COMPILER_APPICON_NAME = AppIcon;
				INFOPLIST_FILE = HappyLunch/Info.plist;
				LD_RUNPATH_SEARCH_PATHS = "$(inherited) @executable_path/Frameworks";
				PRODUCT_NAME = "$(TARGET_NAME)";
			};
			name = Release;
		};
		E10806621AB9ED7000E42BC3 /* Debug */ = {
			isa = XCBuildConfiguration;
			buildSettings = {
				BUNDLE_LOADER = "$(TEST_HOST)";
				FRAMEWORK_SEARCH_PATHS = (
					"$(SDKROOT)/Developer/Library/Frameworks",
					"$(inherited)",
				);
				GCC_PREPROCESSOR_DEFINITIONS = (
					"DEBUG=1",
					"$(inherited)",
				);
				INFOPLIST_FILE = HappyLunchTests/Info.plist;
				LD_RUNPATH_SEARCH_PATHS = "$(inherited) @executable_path/Frameworks @loader_path/Frameworks";
				PRODUCT_NAME = "$(TARGET_NAME)";
				TEST_HOST = "$(BUILT_PRODUCTS_DIR)/HappyLunch.app/HappyLunch";
			};
			name = Debug;
		};
		E10806631AB9ED7000E42BC3 /* Release */ = {
			isa = XCBuildConfiguration;
			buildSettings = {
				BUNDLE_LOADER = "$(TEST_HOST)";
				FRAMEWORK_SEARCH_PATHS = (
					"$(SDKROOT)/Developer/Library/Frameworks",
					"$(inherited)",
				);
				INFOPLIST_FILE = HappyLunchTests/Info.plist;
				LD_RUNPATH_SEARCH_PATHS = "$(inherited) @executable_path/Frameworks @loader_path/Frameworks";
				PRODUCT_NAME = "$(TARGET_NAME)";
				TEST_HOST = "$(BUILT_PRODUCTS_DIR)/HappyLunch.app/HappyLunch";
			};
			name = Release;
		};
/* End XCBuildConfiguration section */

/* Begin XCConfigurationList section */
		E10806361AB9ED7000E42BC3 /* Build configuration list for PBXProject "HappyLunch" */ = {
			isa = XCConfigurationList;
			buildConfigurations = (
				E108065C1AB9ED7000E42BC3 /* Debug */,
				E108065D1AB9ED7000E42BC3 /* Release */,
			);
			defaultConfigurationIsVisible = 0;
			defaultConfigurationName = Release;
		};
		E108065E1AB9ED7000E42BC3 /* Build configuration list for PBXNativeTarget "HappyLunch" */ = {
			isa = XCConfigurationList;
			buildConfigurations = (
				E108065F1AB9ED7000E42BC3 /* Debug */,
				E10806601AB9ED7000E42BC3 /* Release */,
			);
			defaultConfigurationIsVisible = 0;
		};
		E10806611AB9ED7000E42BC3 /* Build configuration list for PBXNativeTarget "HappyLunchTests" */ = {
			isa = XCConfigurationList;
			buildConfigurations = (
				E10806621AB9ED7000E42BC3 /* Debug */,
				E10806631AB9ED7000E42BC3 /* Release */,
			);
			defaultConfigurationIsVisible = 0;
		};
/* End XCConfigurationList section */
	};
	rootObject = E10806331AB9ED7000E42BC3 /* Project object */;
}
